
Microsoft Visual Studio Solution File, Format Version 12.00
# Visual Studio Version 17
VisualStudioVersion = 17.9.34728.123
MinimumVisualStudioVersion = 10.0.40219.1
Project("{FAE04EC0-301F-11D3-BF4B-00C04F79EFBC}") = "TeacherSystem", "TeacherSystem\TeacherSystem.csproj", "{C2F2B0F6-EA64-4BF9-8EC6-4668C3152C2F}"
EndProject
Global
	GlobalSection(SolutionConfigurationPlatforms) = preSolution
		Debug|Any CPU = Debug|Any CPU
		Release|Any CPU = Release|Any CPU
	EndGlobalSection
	GlobalSection(ProjectConfigurationPlatforms) = postSolution
		{C2F2B0F6-EA64-4BF9-8EC6-4668C3152C2F}.Debug|Any CPU.ActiveCfg = Debug|Any CPU
		{C2F2B0F6-EA64-4BF9-8EC6-4668C3152C2F}.Debug|Any CPU.Build.0 = Debug|Any CPU
		{C2F2B0F6-EA64-4BF9-8EC6-4668C3152C2F}.Release|Any CPU.ActiveCfg = Release|Any CPU
		{C2F2B0F6-EA64-4BF9-8EC6-4668C3152C2F}.Release|Any CPU.Build.0 = Release|Any CPU
	EndGlobalSection
	GlobalSection(SolutionProperties) = preSolution
		HideSolutionNode = FALSE
	EndGlobalSection
	GlobalSection(ExtensibilityGlobals) = postSolution
		SolutionGuid = {F61C8A58-043B-4029-9A80-B8671213FE48}
	EndGlobalSection
EndGlobal
